name: lock

on:
  workflow_dispatch:
    inputs:
      reason:
        description: 'Reason for claiming the deployment lock for this repository'
        required: false
      environment:
        description: 'The environment to claim a lock for'
        required: true
        default: 'production'
      mode:
        description: 'The mode to use: check, lock, unlock'
        required: true
        default: 'lock'

permissions:
  contents: write

jobs:
  lock:
    runs-on: ubuntu-latest
    steps:
      # Lock
      - uses: github/lock@main
        id: lock
        with:
          mode: ${{ github.event.inputs.mode }}
          reason: ${{ github.event.inputs.reason }}
          environment: ${{ github.event.inputs.environment }}
